// !$*UTF8*$!
{
	archiveVersion = 1;
	classes = {
	};
	objectVersion = 50;
	objects = {

/* Begin PBXBuildFile section */
		58E317CE23563D2EFFCCD25D /* Pods_Nazareth.framework in Frameworks */ = {isa = PBXBuildFile; fileRef = A84051EE62F81AA1153624FF /* Pods_Nazareth.framework */; };
		690044702316D3FB0097F563 /* ArticlesVC.swift in Sources */ = {isa = PBXBuildFile; fileRef = 6900446F2316D3FB0097F563 /* ArticlesVC.swift */; };
		691A0DC72312ED8400EED080 /* allProdectCell.swift in Sources */ = {isa = PBXBuildFile; fileRef = 691A0DC62312ED8400EED080 /* allProdectCell.swift */; };
		696882212316ACCB00D6BF10 /* SWRevealViewController.m in Sources */ = {isa = PBXBuildFile; fileRef = 6968821F2316ACCB00D6BF10 /* SWRevealViewController.m */; };
		696882232316B2FC00D6BF10 /* sideMenuVC.swift in Sources */ = {isa = PBXBuildFile; fileRef = 696882222316B2FC00D6BF10 /* sideMenuVC.swift */; };
		69A1C0BA2312A723009F399E /* AppDelegate.swift in Sources */ = {isa = PBXBuildFile; fileRef = 69A1C0B92312A723009F399E /* AppDelegate.swift */; };
		69A1C0BC2312A723009F399E /* homeVC.swift in Sources */ = {isa = PBXBuildFile; fileRef = 69A1C0BB2312A723009F399E /* homeVC.swift */; };
		69A1C0BF2312A723009F399E /* Main.storyboard in Resources */ = {isa = PBXBuildFile; fileRef = 69A1C0BD2312A723009F399E /* Main.storyboard */; };
		69A1C0C12312A725009F399E /* Assets.xcassets in Resources */ = {isa = PBXBuildFile; fileRef = 69A1C0C02312A725009F399E /* Assets.xcassets */; };
		69A1C0C42312A725009F399E /* LaunchScreen.storyboard in Resources */ = {isa = PBXBuildFile; fileRef = 69A1C0C22312A725009F399E /* LaunchScreen.storyboard */; };
		69A1C0CE2312B3E7009F399E /* reondedTF.swift in Sources */ = {isa = PBXBuildFile; fileRef = 69A1C0CD2312B3E7009F399E /* reondedTF.swift */; };
		69A251912312C0AB00396498 /* homeCell.swift in Sources */ = {isa = PBXBuildFile; fileRef = 69A251902312C0AB00396498 /* homeCell.swift */; };
		69B648F42312CDC20068AB8F /* prodectsCell.swift in Sources */ = {isa = PBXBuildFile; fileRef = 69B648F32312CDC20068AB8F /* prodectsCell.swift */; };
		69B648F62312D1D00068AB8F /* subCatVC.swift in Sources */ = {isa = PBXBuildFile; fileRef = 69B648F52312D1D00068AB8F /* subCatVC.swift */; };
		69E4F55B23154469001F7409 /* prodectImagesCell.swift in Sources */ = {isa = PBXBuildFile; fileRef = 69E4F55A23154469001F7409 /* prodectImagesCell.swift */; };
		69E4F55D231544E7001F7409 /* prodectDetialsVC.swift in Sources */ = {isa = PBXBuildFile; fileRef = 69E4F55C231544E7001F7409 /* prodectDetialsVC.swift */; };
		69E4F55F23154D07001F7409 /* roundedBtn.swift in Sources */ = {isa = PBXBuildFile; fileRef = 69E4F55E23154D07001F7409 /* roundedBtn.swift */; };
		69E4F561231566E1001F7409 /* filterVC.swift in Sources */ = {isa = PBXBuildFile; fileRef = 69E4F560231566E1001F7409 /* filterVC.swift */; };
		69E4F5632315742E001F7409 /* reviwesVC.swift in Sources */ = {isa = PBXBuildFile; fileRef = 69E4F5622315742E001F7409 /* reviwesVC.swift */; };
		69E4F56523157773001F7409 /* reviewCell.swift in Sources */ = {isa = PBXBuildFile; fileRef = 69E4F56423157773001F7409 /* reviewCell.swift */; };
		69E4F56723157AFD001F7409 /* searchResultVC.swift in Sources */ = {isa = PBXBuildFile; fileRef = 69E4F56623157AFD001F7409 /* searchResultVC.swift */; };
		69E4F56923157B52001F7409 /* searchResultCell.swift in Sources */ = {isa = PBXBuildFile; fileRef = 69E4F56823157B52001F7409 /* searchResultCell.swift */; };
/* End PBXBuildFile section */

/* Begin PBXFileReference section */
		6900446F2316D3FB0097F563 /* ArticlesVC.swift */ = {isa = PBXFileReference; lastKnownFileType = sourcecode.swift; path = ArticlesVC.swift; sourceTree = "<group>"; };
		691A0DC62312ED8400EED080 /* allProdectCell.swift */ = {isa = PBXFileReference; lastKnownFileType = sourcecode.swift; path = allProdectCell.swift; sourceTree = "<group>"; };
		6968821E2316ACCA00D6BF10 /* Nazareth-Bridging-Header.h */ = {isa = PBXFileReference; lastKnownFileType = sourcecode.c.h; path = "Nazareth-Bridging-Header.h"; sourceTree = "<group>"; };
		6968821F2316ACCB00D6BF10 /* SWRevealViewController.m */ = {isa = PBXFileReference; fileEncoding = 4; lastKnownFileType = sourcecode.c.objc; path = SWRevealViewController.m; sourceTree = "<group>"; };
		696882202316ACCB00D6BF10 /* SWRevealViewController.h */ = {isa = PBXFileReference; fileEncoding = 4; lastKnownFileType = sourcecode.c.h; path = SWRevealViewController.h; sourceTree = "<group>"; };
		696882222316B2FC00D6BF10 /* sideMenuVC.swift */ = {isa = PBXFileReference; lastKnownFileType = sourcecode.swift; path = sideMenuVC.swift; sourceTree = "<group>"; };
		69A1C0B62312A723009F399E /* Nazareth.app */ = {isa = PBXFileReference; explicitFileType = wrapper.application; includeInIndex = 0; path = Nazareth.app; sourceTree = BUILT_PRODUCTS_DIR; };
		69A1C0B92312A723009F399E /* AppDelegate.swift */ = {isa = PBXFileReference; lastKnownFileType = sourcecode.swift; path = AppDelegate.swift; sourceTree = "<group>"; };
		69A1C0BB2312A723009F399E /* homeVC.swift */ = {isa = PBXFileReference; lastKnownFileType = sourcecode.swift; path = homeVC.swift; sourceTree = "<group>"; };
		69A1C0BE2312A723009F399E /* Base */ = {isa = PBXFileReference; lastKnownFileType = file.storyboard; name = Base; path = Base.lproj/Main.storyboard; sourceTree = "<group>"; };
		69A1C0C02312A725009F399E /* Assets.xcassets */ = {isa = PBXFileReference; lastKnownFileType = folder.assetcatalog; path = Assets.xcassets; sourceTree = "<group>"; };
		69A1C0C32312A725009F399E /* Base */ = {isa = PBXFileReference; lastKnownFileType = file.storyboard; name = Base; path = Base.lproj/LaunchScreen.storyboard; sourceTree = "<group>"; };
		69A1C0C52312A725009F399E /* Info.plist */ = {isa = PBXFileReference; lastKnownFileType = text.plist.xml; path = Info.plist; sourceTree = "<group>"; };
		69A1C0CD2312B3E7009F399E /* reondedTF.swift */ = {isa = PBXFileReference; lastKnownFileType = sourcecode.swift; path = reondedTF.swift; sourceTree = "<group>"; };
		69A251902312C0AB00396498 /* homeCell.swift */ = {isa = PBXFileReference; lastKnownFileType = sourcecode.swift; path = homeCell.swift; sourceTree = "<group>"; };
		69B648F32312CDC20068AB8F /* prodectsCell.swift */ = {isa = PBXFileReference; lastKnownFileType = sourcecode.swift; path = prodectsCell.swift; sourceTree = "<group>"; };
		69B648F52312D1D00068AB8F /* subCatVC.swift */ = {isa = PBXFileReference; lastKnownFileType = sourcecode.swift; path = subCatVC.swift; sourceTree = "<group>"; };
		69E4F55A23154469001F7409 /* prodectImagesCell.swift */ = {isa = PBXFileReference; lastKnownFileType = sourcecode.swift; path = prodectImagesCell.swift; sourceTree = "<group>"; };
		69E4F55C231544E7001F7409 /* prodectDetialsVC.swift */ = {isa = PBXFileReference; lastKnownFileType = sourcecode.swift; path = prodectDetialsVC.swift; sourceTree = "<group>"; };
		69E4F55E23154D07001F7409 /* roundedBtn.swift */ = {isa = PBXFileReference; lastKnownFileType = sourcecode.swift; path = roundedBtn.swift; sourceTree = "<group>"; };
		69E4F560231566E1001F7409 /* filterVC.swift */ = {isa = PBXFileReference; lastKnownFileType = sourcecode.swift; path = filterVC.swift; sourceTree = "<group>"; };
		69E4F5622315742E001F7409 /* reviwesVC.swift */ = {isa = PBXFileReference; lastKnownFileType = sourcecode.swift; path = reviwesVC.swift; sourceTree = "<group>"; };
		69E4F56423157773001F7409 /* reviewCell.swift */ = {isa = PBXFileReference; lastKnownFileType = sourcecode.swift; path = reviewCell.swift; sourceTree = "<group>"; };
		69E4F56623157AFD001F7409 /* searchResultVC.swift */ = {isa = PBXFileReference; lastKnownFileType = sourcecode.swift; path = searchResultVC.swift; sourceTree = "<group>"; };
		69E4F56823157B52001F7409 /* searchResultCell.swift */ = {isa = PBXFileReference; lastKnownFileType = sourcecode.swift; path = searchResultCell.swift; sourceTree = "<group>"; };
		71ECEDE92E468B4C8168D513 /* Pods-Nazareth.debug.xcconfig */ = {isa = PBXFileReference; includeInIndex = 1; lastKnownFileType = text.xcconfig; name = "Pods-Nazareth.debug.xcconfig"; path = "Pods/Target Support Files/Pods-Nazareth/Pods-Nazareth.debug.xcconfig"; sourceTree = "<group>"; };
		A84051EE62F81AA1153624FF /* Pods_Nazareth.framework */ = {isa = PBXFileReference; explicitFileType = wrapper.framework; includeInIndex = 0; path = Pods_Nazareth.framework; sourceTree = BUILT_PRODUCTS_DIR; };
		AE6012A4865E3FB20FF9A48D /* Pods-Nazareth.release.xcconfig */ = {isa = PBXFileReference; includeInIndex = 1; lastKnownFileType = text.xcconfig; name = "Pods-Nazareth.release.xcconfig"; path = "Pods/Target Support Files/Pods-Nazareth/Pods-Nazareth.release.xcconfig"; sourceTree = "<group>"; };
/* End PBXFileReference section */

/* Begin PBXFrameworksBuildPhase section */
		69A1C0B32312A723009F399E /* Frameworks */ = {
			isa = PBXFrameworksBuildPhase;
			buildActionMask = 2147483647;
			files = (
				58E317CE23563D2EFFCCD25D /* Pods_Nazareth.framework in Frameworks */,
			);
			runOnlyForDeploymentPostprocessing = 0;
		};
/* End PBXFrameworksBuildPhase section */

/* Begin PBXGroup section */
		40DFCC93B01FF5AAB7B0EFDE /* Pods */ = {
			isa = PBXGroup;
			children = (
				71ECEDE92E468B4C8168D513 /* Pods-Nazareth.debug.xcconfig */,
				AE6012A4865E3FB20FF9A48D /* Pods-Nazareth.release.xcconfig */,
			);
			name = Pods;
			sourceTree = "<group>";
		};
		6968821D2316AC7400D6BF10 /* SWReveal */ = {
			isa = PBXGroup;
			children = (
				696882202316ACCB00D6BF10 /* SWRevealViewController.h */,
				6968821F2316ACCB00D6BF10 /* SWRevealViewController.m */,
				6968821E2316ACCA00D6BF10 /* Nazareth-Bridging-Header.h */,
			);
			path = SWReveal;
			sourceTree = "<group>";
		};
		69A1C0AD2312A723009F399E = {
			isa = PBXGroup;
			children = (
				69A1C0B82312A723009F399E /* Nazareth */,
				69A1C0B72312A723009F399E /* Products */,
				40DFCC93B01FF5AAB7B0EFDE /* Pods */,
				C2572BB9CD285E51105A6279 /* Frameworks */,
			);
			sourceTree = "<group>";
		};
		69A1C0B72312A723009F399E /* Products */ = {
			isa = PBXGroup;
			children = (
				69A1C0B62312A723009F399E /* Nazareth.app */,
			);
			name = Products;
			sourceTree = "<group>";
		};
		69A1C0B82312A723009F399E /* Nazareth */ = {
			isa = PBXGroup;
			children = (
				6968821D2316AC7400D6BF10 /* SWReveal */,
				69A2518F2312C08800396498 /* Cells */,
				69A1C0CC2312B3C2009F399E /* View */,
				69A1C0CB2312ADBB009F399E /* ViewController */,
				69A1C0BD2312A723009F399E /* Main.storyboard */,
				69A1C0B92312A723009F399E /* AppDelegate.swift */,
				69A1C0C02312A725009F399E /* Assets.xcassets */,
				69A1C0C22312A725009F399E /* LaunchScreen.storyboard */,
				69A1C0C52312A725009F399E /* Info.plist */,
			);
			path = Nazareth;
			sourceTree = "<group>";
		};
		69A1C0CB2312ADBB009F399E /* ViewController */ = {
			isa = PBXGroup;
			children = (
				69A1C0BB2312A723009F399E /* homeVC.swift */,
				69B648F52312D1D00068AB8F /* subCatVC.swift */,
				69E4F55C231544E7001F7409 /* prodectDetialsVC.swift */,
				69E4F560231566E1001F7409 /* filterVC.swift */,
				69E4F5622315742E001F7409 /* reviwesVC.swift */,
				69E4F56623157AFD001F7409 /* searchResultVC.swift */,
				696882222316B2FC00D6BF10 /* sideMenuVC.swift */,
				6900446F2316D3FB0097F563 /* ArticlesVC.swift */,
			);
			path = ViewController;
			sourceTree = "<group>";
		};
		69A1C0CC2312B3C2009F399E /* View */ = {
			isa = PBXGroup;
			children = (
				69A1C0CD2312B3E7009F399E /* reondedTF.swift */,
				69E4F55E23154D07001F7409 /* roundedBtn.swift */,
			);
			path = View;
			sourceTree = "<group>";
		};
		69A2518F2312C08800396498 /* Cells */ = {
			isa = PBXGroup;
			children = (
				69A251902312C0AB00396498 /* homeCell.swift */,
				69B648F32312CDC20068AB8F /* prodectsCell.swift */,
				691A0DC62312ED8400EED080 /* allProdectCell.swift */,
				69E4F55A23154469001F7409 /* prodectImagesCell.swift */,
				69E4F56423157773001F7409 /* reviewCell.swift */,
				69E4F56823157B52001F7409 /* searchResultCell.swift */,
			);
			path = Cells;
			sourceTree = "<group>";
		};
		C2572BB9CD285E51105A6279 /* Frameworks */ = {
			isa = PBXGroup;
			children = (
				A84051EE62F81AA1153624FF /* Pods_Nazareth.framework */,
			);
			name = Frameworks;
			sourceTree = "<group>";
		};
/* End PBXGroup section */

/* Begin PBXNativeTarget section */
		69A1C0B52312A723009F399E /* Nazareth */ = {
			isa = PBXNativeTarget;
			buildConfigurationList = 69A1C0C82312A725009F399E /* Build configuration list for PBXNativeTarget "Nazareth" */;
			buildPhases = (
				EE774BD78E244F1CB8A55FBD /* [CP] Check Pods Manifest.lock */,
				69A1C0B22312A723009F399E /* Sources */,
				69A1C0B32312A723009F399E /* Frameworks */,
				69A1C0B42312A723009F399E /* Resources */,
				21ED172273C3FEDEE00603E8 /* [CP] Embed Pods Frameworks */,
			);
			buildRules = (
			);
			dependencies = (
			);
			name = Nazareth;
			productName = Nazareth;
			productReference = 69A1C0B62312A723009F399E /* Nazareth.app */;
			productType = "com.apple.product-type.application";
		};
/* End PBXNativeTarget section */

/* Begin PBXProject section */
		69A1C0AE2312A723009F399E /* Project object */ = {
			isa = PBXProject;
			attributes = {
				LastSwiftUpdateCheck = 1020;
				LastUpgradeCheck = 1020;
				ORGANIZATIONNAME = Farido;
				TargetAttributes = {
					69A1C0B52312A723009F399E = {
						CreatedOnToolsVersion = 10.2.1;
						LastSwiftMigration = 1020;
					};
				};
			};
			buildConfigurationList = 69A1C0B12312A723009F399E /* Build configuration list for PBXProject "Nazareth" */;
			compatibilityVersion = "Xcode 9.3";
			developmentRegion = en;
			hasScannedForEncodings = 0;
			knownRegions = (
				en,
				Base,
			);
			mainGroup = 69A1C0AD2312A723009F399E;
			productRefGroup = 69A1C0B72312A723009F399E /* Products */;
			projectDirPath = "";
			projectRoot = "";
			targets = (
				69A1C0B52312A723009F399E /* Nazareth */,
			);
		};
/* End PBXProject section */

/* Begin PBXResourcesBuildPhase section */
		69A1C0B42312A723009F399E /* Resources */ = {
			isa = PBXResourcesBuildPhase;
			buildActionMask = 2147483647;
			files = (
				69A1C0C42312A725009F399E /* LaunchScreen.storyboard in Resources */,
				69A1C0C12312A725009F399E /* Assets.xcassets in Resources */,
				69A1C0BF2312A723009F399E /* Main.storyboard in Resources */,
			);
			runOnlyForDeploymentPostprocessing = 0;
		};
/* End PBXResourcesBuildPhase section */

/* Begin PBXShellScriptBuildPhase section */
		21ED172273C3FEDEE00603E8 /* [CP] Embed Pods Frameworks */ = {
			isa = PBXShellScriptBuildPhase;
			buildActionMask = 2147483647;
			files = (
			);
			inputPaths = (
				"${SRCROOT}/Pods/Target Support Files/Pods-Nazareth/Pods-Nazareth-frameworks.sh",
				"${BUILT_PRODUCTS_DIR}/Alamofire/Alamofire.framework",
				"${BUILT_PRODUCTS_DIR}/Cosmos/Cosmos.framework",
				"${BUILT_PRODUCTS_DIR}/IQKeyboardManagerSwift/IQKeyboardManagerSwift.framework",
				"${BUILT_PRODUCTS_DIR}/Kingfisher/Kingfisher.framework",
				"${BUILT_PRODUCTS_DIR}/SwiftyJSON/SwiftyJSON.framework",
			);
			name = "[CP] Embed Pods Frameworks";
			outputPaths = (
				"${TARGET_BUILD_DIR}/${FRAMEWORKS_FOLDER_PATH}/Alamofire.framework",
				"${TARGET_BUILD_DIR}/${FRAMEWORKS_FOLDER_PATH}/Cosmos.framework",
				"${TARGET_BUILD_DIR}/${FRAMEWORKS_FOLDER_PATH}/IQKeyboardManagerSwift.framework",
				"${TARGET_BUILD_DIR}/${FRAMEWORKS_FOLDER_PATH}/Kingfisher.framework",
				"${TARGET_BUILD_DIR}/${FRAMEWORKS_FOLDER_PATH}/SwiftyJSON.framework",
			);
			runOnlyForDeploymentPostprocessing = 0;
			shellPath = /bin/sh;
			shellScript = "\"${SRCROOT}/Pods/Target Support Files/Pods-Nazareth/Pods-Nazareth-frameworks.sh\"\n";
			showEnvVarsInLog = 0;
		};
		EE774BD78E244F1CB8A55FBD /* [CP] Check Pods Manifest.lock */ = {
			isa = PBXShellScriptBuildPhase;
			buildActionMask = 2147483647;
			files = (
			);
			inputPaths = (
				"${PODS_PODFILE_DIR_PATH}/Podfile.lock",
				"${PODS_ROOT}/Manifest.lock",
			);
			name = "[CP] Check Pods Manifest.lock";
			outputPaths = (
				"$(DERIVED_FILE_DIR)/Pods-Nazareth-checkManifestLockResult.txt",
			);
			runOnlyForDeploymentPostprocessing = 0;
			shellPath = /bin/sh;
			shellScript = "diff \"${PODS_PODFILE_DIR_PATH}/Podfile.lock\" \"${PODS_ROOT}/Manifest.lock\" > /dev/null\nif [ $? != 0 ] ; then\n    # print error to STDERR\n    echo \"error: The sandbox is not in sync with the Podfile.lock. Run 'pod install' or update your CocoaPods installation.\" >&2\n    exit 1\nfi\n# This output is used by Xcode 'outputs' to avoid re-running this script phase.\necho \"SUCCESS\" > \"${SCRIPT_OUTPUT_FILE_0}\"\n";
			showEnvVarsInLog = 0;
		};
/* End PBXShellScriptBuildPhase section */

/* Begin PBXSourcesBuildPhase section */
		69A1C0B22312A723009F399E /* Sources */ = {
			isa = PBXSourcesBuildPhase;
			buildActionMask = 2147483647;
			files = (
				69E4F561231566E1001F7409 /* filterVC.swift in Sources */,
				696882232316B2FC00D6BF10 /* sideMenuVC.swift in Sources */,
				69B648F62312D1D00068AB8F /* subCatVC.swift in Sources */,
				69E4F55D231544E7001F7409 /* prodectDetialsVC.swift in Sources */,
				69E4F55B23154469001F7409 /* prodectImagesCell.swift in Sources */,
				69A1C0BC2312A723009F399E /* homeVC.swift in Sources */,
				69A1C0BA2312A723009F399E /* AppDelegate.swift in Sources */,
				69B648F42312CDC20068AB8F /* prodectsCell.swift in Sources */,
				691A0DC72312ED8400EED080 /* allProdectCell.swift in Sources */,
				69E4F56923157B52001F7409 /* searchResultCell.swift in Sources */,
				69E4F5632315742E001F7409 /* reviwesVC.swift in Sources */,
				69A251912312C0AB00396498 /* homeCell.swift in Sources */,
				696882212316ACCB00D6BF10 /* SWRevealViewController.m in Sources */,
				69E4F55F23154D07001F7409 /* roundedBtn.swift in Sources */,
				69E4F56723157AFD001F7409 /* searchResultVC.swift in Sources */,
				69A1C0CE2312B3E7009F399E /* reondedTF.swift in Sources */,
				69E4F56523157773001F7409 /* reviewCell.swift in Sources */,
				690044702316D3FB0097F563 /* ArticlesVC.swift in Sources */,
			);
			runOnlyForDeploymentPostprocessing = 0;
		};
/* End PBXSourcesBuildPhase section */

/* Begin PBXVariantGroup section */
		69A1C0BD2312A723009F399E /* Main.storyboard */ = {
			isa = PBXVariantGroup;
			children = (
				69A1C0BE2312A723009F399E /* Base */,
			);
			name = Main.storyboard;
			sourceTree = "<group>";
		};
		69A1C0C22312A725009F399E /* LaunchScreen.storyboard */ = {
			isa = PBXVariantGroup;
			children = (
				69A1C0C32312A725009F399E /* Base */,
			);
			name = LaunchScreen.storyboard;
			sourceTree = "<group>";
		};
/* End PBXVariantGroup section */

/* Begin XCBuildConfiguration section */
		69A1C0C62312A725009F399E /* Debug */ = {
			isa = XCBuildConfiguration;
			buildSettings = {
				ALWAYS_SEARCH_USER_PATHS = NO;
				CLANG_ANALYZER_NONNULL = YES;
				CLANG_ANALYZER_NUMBER_OBJECT_CONVERSION = YES_AGGRESSIVE;
				CLANG_CXX_LANGUAGE_STANDARD = "gnu++14";
				CLANG_CXX_LIBRARY = "libc++";
				CLANG_ENABLE_MODULES = YES;
				CLANG_ENABLE_OBJC_ARC = YES;
				CLANG_ENABLE_OBJC_WEAK = YES;
				CLANG_WARN_BLOCK_CAPTURE_AUTORELEASING = YES;
				CLANG_WARN_BOOL_CONVERSION = YES;
				CLANG_WARN_COMMA = YES;
				CLANG_WARN_CONSTANT_CONVERSION = YES;
				CLANG_WARN_DEPRECATED_OBJC_IMPLEMENTATIONS = YES;
				CLANG_WARN_DIRECT_OBJC_ISA_USAGE = YES_ERROR;
				CLANG_WARN_DOCUMENTATION_COMMENTS = YES;
				CLANG_WARN_EMPTY_BODY = YES;
				CLANG_WARN_ENUM_CONVERSION = YES;
				CLANG_WARN_INFINITE_RECURSION = YES;
				CLANG_WARN_INT_CONVERSION = YES;
				CLANG_WARN_NON_LITERAL_NULL_CONVERSION = YES;
				CLANG_WARN_OBJC_IMPLICIT_RETAIN_SELF = YES;
				CLANG_WARN_OBJC_LITERAL_CONVERSION = YES;
				CLANG_WARN_OBJC_ROOT_CLASS = YES_ERROR;
				CLANG_WARN_RANGE_LOOP_ANALYSIS = YES;
				CLANG_WARN_STRICT_PROTOTYPES = YES;
				CLANG_WARN_SUSPICIOUS_MOVE = YES;
				CLANG_WARN_UNGUARDED_AVAILABILITY = YES_AGGRESSIVE;
				CLANG_WARN_UNREACHABLE_CODE = YES;
				CLANG_WARN__DUPLICATE_METHOD_MATCH = YES;
				CODE_SIGN_IDENTITY = "iPhone Developer";
				COPY_PHASE_STRIP = NO;
				DEBUG_INFORMATION_FORMAT = dwarf;
				ENABLE_STRICT_OBJC_MSGSEND = YES;
				ENABLE_TESTABILITY = YES;
				GCC_C_LANGUAGE_STANDARD = gnu11;
				GCC_DYNAMIC_NO_PIC = NO;
				GCC_NO_COMMON_BLOCKS = YES;
				GCC_OPTIMIZATION_LEVEL = 0;
				GCC_PREPROCESSOR_DEFINITIONS = (
					"DEBUG=1",
					"$(inherited)",
				);
				GCC_WARN_64_TO_32_BIT_CONVERSION = YES;
				GCC_WARN_ABOUT_RETURN_TYPE = YES_ERROR;
				GCC_WARN_UNDECLARED_SELECTOR = YES;
				GCC_WARN_UNINITIALIZED_AUTOS = YES_AGGRESSIVE;
				GCC_WARN_UNUSED_FUNCTION = YES;
				GCC_WARN_UNUSED_VARIABLE = YES;
				IPHONEOS_DEPLOYMENT_TARGET = 12.2;
				MTL_ENABLE_DEBUG_INFO = INCLUDE_SOURCE;
				MTL_FAST_MATH = YES;
				ONLY_ACTIVE_ARCH = YES;
				SDKROOT = iphoneos;
				SWIFT_ACTIVE_COMPILATION_CONDITIONS = DEBUG;
				SWIFT_OPTIMIZATION_LEVEL = "-Onone";
			};
			name = Debug;
		};
		69A1C0C72312A725009F399E /* Release */ = {
			isa = XCBuildConfiguration;
			buildSettings = {
				ALWAYS_SEARCH_USER_PATHS = NO;
				CLANG_ANALYZER_NONNULL = YES;
				CLANG_ANALYZER_NUMBER_OBJECT_CONVERSION = YES_AGGRESSIVE;
				CLANG_CXX_LANGUAGE_STANDARD = "gnu++14";
				CLANG_CXX_LIBRARY = "libc++";
				CLANG_ENABLE_MODULES = YES;
				CLANG_ENABLE_OBJC_ARC = YES;
				CLANG_ENABLE_OBJC_WEAK = YES;
				CLANG_WARN_BLOCK_CAPTURE_AUTORELEASING = YES;
				CLANG_WARN_BOOL_CONVERSION = YES;
				CLANG_WARN_COMMA = YES;
				CLANG_WARN_CONSTANT_CONVERSION = YES;
				CLANG_WARN_DEPRECATED_OBJC_IMPLEMENTATIONS = YES;
				CLANG_WARN_DIRECT_OBJC_ISA_USAGE = YES_ERROR;
				CLANG_WARN_DOCUMENTATION_COMMENTS = YES;
				CLANG_WARN_EMPTY_BODY = YES;
				CLANG_WARN_ENUM_CONVERSION = YES;
				CLANG_WARN_INFINITE_RECURSION = YES;
				CLANG_WARN_INT_CONVERSION = YES;
				CLANG_WARN_NON_LITERAL_NULL_CONVERSION = YES;
				CLANG_WARN_OBJC_IMPLICIT_RETAIN_SELF = YES;
				CLANG_WARN_OBJC_LITERAL_CONVERSION = YES;
				CLANG_WARN_OBJC_ROOT_CLASS = YES_ERROR;
				CLANG_WARN_RANGE_LOOP_ANALYSIS = YES;
				CLANG_WARN_STRICT_PROTOTYPES = YES;
				CLANG_WARN_SUSPICIOUS_MOVE = YES;
				CLANG_WARN_UNGUARDED_AVAILABILITY = YES_AGGRESSIVE;
				CLANG_WARN_UNREACHABLE_CODE = YES;
				CLANG_WARN__DUPLICATE_METHOD_MATCH = YES;
				CODE_SIGN_IDENTITY = "iPhone Developer";
				COPY_PHASE_STRIP = NO;
				DEBUG_INFORMATION_FORMAT = "dwarf-with-dsym";
				ENABLE_NS_ASSERTIONS = NO;
				ENABLE_STRICT_OBJC_MSGSEND = YES;
				GCC_C_LANGUAGE_STANDARD = gnu11;
				GCC_NO_COMMON_BLOCKS = YES;
				GCC_WARN_64_TO_32_BIT_CONVERSION = YES;
				GCC_WARN_ABOUT_RETURN_TYPE = YES_ERROR;
				GCC_WARN_UNDECLARED_SELECTOR = YES;
				GCC_WARN_UNINITIALIZED_AUTOS = YES_AGGRESSIVE;
				GCC_WARN_UNUSED_FUNCTION = YES;
				GCC_WARN_UNUSED_VARIABLE = YES;
				IPHONEOS_DEPLOYMENT_TARGET = 12.2;
				MTL_ENABLE_DEBUG_INFO = NO;
				MTL_FAST_MATH = YES;
				SDKROOT = iphoneos;
				SWIFT_COMPILATION_MODE = wholemodule;
				SWIFT_OPTIMIZATION_LEVEL = "-O";
				VALIDATE_PRODUCT = YES;
			};
			name = Release;
		};
		69A1C0C92312A725009F399E /* Debug */ = {
			isa = XCBuildConfiguration;
			baseConfigurationReference = 71ECEDE92E468B4C8168D513 /* Pods-Nazareth.debug.xcconfig */;
			buildSettings = {
				ASSETCATALOG_COMPILER_APPICON_NAME = AppIcon;
				CLANG_ENABLE_MODULES = YES;
				CODE_SIGN_STYLE = Automatic;
				DEVELOPMENT_TEAM = 4Z34DQ34UQ;
				INFOPLIST_FILE = Nazareth/Info.plist;
				LD_RUNPATH_SEARCH_PATHS = (
					"$(inherited)",
					"@executable_path/Frameworks",
				);
				PRODUCT_BUNDLE_IDENTIFIER = com.farido.Ebakers.Nazareth;
				PRODUCT_NAME = "$(TARGET_NAME)";
				SWIFT_OBJC_BRIDGING_HEADER = "Nazareth/SWReveal/Nazareth-Bridging-Header.h";
				SWIFT_OPTIMIZATION_LEVEL = "-Onone";
				SWIFT_VERSION = 5.0;
				TARGETED_DEVICE_FAMILY = "1,2";
			};
			name = Debug;
		};
		69A1C0CA2312A725009F399E /* Release */ = {
			isa = XCBuildConfiguration;
			baseConfigurationReference = AE6012A4865E3FB20FF9A48D /* Pods-Nazareth.release.xcconfig */;
			buildSettings = {
				ASSETCATALOG_COMPILER_APPICON_NAME = AppIcon;
				CLANG_ENABLE_MODULES = YES;
				CODE_SIGN_STYLE = Automatic;
				DEVELOPMENT_TEAM = 4Z34DQ34UQ;
				INFOPLIST_FILE = Nazareth/Info.plist;
				LD_RUNPATH_SEARCH_PATHS = (
					"$(inherited)",
					"@executable_path/Frameworks",
				);
				PRODUCT_BUNDLE_IDENTIFIER = com.farido.Ebakers.Nazareth;
				PRODUCT_NAME = "$(TARGET_NAME)";
				SWIFT_OBJC_BRIDGING_HEADER = "Nazareth/SWReveal/Nazareth-Bridging-Header.h";
				SWIFT_VERSION = 5.0;
				TARGETED_DEVICE_FAMILY = "1,2";
			};
			name = Release;
		};
/* End XCBuildConfiguration section */

/* Begin XCConfigurationList section */
		69A1C0B12312A723009F399E /* Build configuration list for PBXProject "Nazareth" */ = {
			isa = XCConfigurationList;
			buildConfigurations = (
				69A1C0C62312A725009F399E /* Debug */,
				69A1C0C72312A725009F399E /* Release */,
			);
			defaultConfigurationIsVisible = 0;
			defaultConfigurationName = Release;
		};
		69A1C0C82312A725009F399E /* Build configuration list for PBXNativeTarget "Nazareth" */ = {
			isa = XCConfigurationList;
			buildConfigurations = (
				69A1C0C92312A725009F399E /* Debug */,
				69A1C0CA2312A725009F399E /* Release */,
			);
			defaultConfigurationIsVisible = 0;
			defaultConfigurationName = Release;
		};
/* End XCConfigurationList section */
	};
	rootObject = 69A1C0AE2312A723009F399E /* Project object */;
}
