PODS:
  - Alamofire (4.9.0)
  - Cosmos (19.0.3)
  - GoogleMaps (3.4.0):
    - GoogleMaps/Maps (= 3.4.0)
  - GoogleMaps/Base (3.4.0)
  - GoogleMaps/Maps (3.4.0):
    - GoogleMaps/Base
  - GooglePlaces (3.4.0):
    - GoogleMaps/Base (= 3.4.0)
  - IQKeyboardManagerSwift (6.5.1)
  - Kingfisher (5.8.2):
    - Kingfisher/Core (= 5.8.2)
  - Kingfisher/Core (5.8.2)
  - SwiftyJSON (5.0.0)

DEPENDENCIES:
  - Alamofire
  - Cosmos (~> 19.0)
  - GoogleMaps
  - GooglePlaces
  - IQKeyboardManagerSwift
  - Kingfisher
  - SwiftyJSON

SPEC REPOS:
  https://github.com/cocoapods/specs.git:
    - Alamofire
    - Cosmos
    - GoogleMaps
    - GooglePlaces
    - IQKeyboardManagerSwift
    - Kingfisher
    - SwiftyJSON

SPEC CHECKSUMS:
  Alamofire: afc3e7c6db61476cb45cdd23fed06bad03bbc321
  Cosmos: a6fb17284281fa12cf4c85c2efecd440a215ec44
  GoogleMaps: 67f4a604f80dd6a22d09c2a507a3a395b9f23060
  GooglePlaces: 7547289e3fffc8980f4a027be99888e29d59b15d
  IQKeyboardManagerSwift: 9ac7524fad9f9fe9a3b98c927e7772471ca546d2
  Kingfisher: 3adc15096595f5aed800bb0d5cb757fc58b2d2dd
  SwiftyJSON: 36413e04c44ee145039d332b4f4e2d3e8d6c4db7

PODFILE CHECKSUM: cc278df80ace2b7e2f40268d63eb667fccd60744

COCOAPODS: 1.5.2
